
Microsoft Visual Studio Solution File, Format Version 12.00
# Visual Studio Version 17
VisualStudioVersion = 17.3.32825.248
MinimumVisualStudioVersion = 10.0.40219.1
Project("{FAE04EC0-301F-11D3-BF4B-00C04F79EFBC}") = "XUI.Core", "XUI.Core\XUI.Core.csproj", "{59E26502-E327-4BAE-B358-498C7FEE9D21}"
EndProject
Project("{FAE04EC0-301F-11D3-BF4B-00C04F79EFBC}") = "XUI.App", "XUI.App\XUI.App.csproj", "{5238364D-9A08-4461-9A5C-B781E09D1462}"
EndProject
Global
	GlobalSection(SolutionConfigurationPlatforms) = preSolution
		Debug|Any CPU = Debug|Any CPU
		Release|Any CPU = Release|Any CPU
	EndGlobalSection
	GlobalSection(ProjectConfigurationPlatforms) = postSolution
		{59E26502-E327-4BAE-B358-498C7FEE9D21}.Debug|Any CPU.ActiveCfg = Debug|Any CPU
		{59E26502-E327-4BAE-B358-498C7FEE9D21}.Debug|Any CPU.Build.0 = Debug|Any CPU
		{59E26502-E327-4BAE-B358-498C7FEE9D21}.Release|Any CPU.ActiveCfg = Release|Any CPU
		{59E26502-E327-4BAE-B358-498C7FEE9D21}.Release|Any CPU.Build.0 = Release|Any CPU
		{5238364D-9A08-4461-9A5C-B781E09D1462}.Debug|Any CPU.ActiveCfg = Debug|Any CPU
		{5238364D-9A08-4461-9A5C-B781E09D1462}.Debug|Any CPU.Build.0 = Debug|Any CPU
		{5238364D-9A08-4461-9A5C-B781E09D1462}.Release|Any CPU.ActiveCfg = Release|Any CPU
		{5238364D-9A08-4461-9A5C-B781E09D1462}.Release|Any CPU.Build.0 = Release|Any CPU
	EndGlobalSection
	GlobalSection(SolutionProperties) = preSolution
		HideSolutionNode = FALSE
	EndGlobalSection
	GlobalSection(ExtensibilityGlobals) = postSolution
		SolutionGuid = {5CE43A51-DEBC-4B95-9B38-AEC368E40F3A}
	EndGlobalSection
EndGlobal
